
Microsoft Visual Studio Solution File, Format Version 12.00
# Visual Studio 15
VisualStudioVersion = 15.0.28010.2016
MinimumVisualStudioVersion = 10.0.40219.1
Project("{FAE04EC0-301F-11D3-BF4B-00C04F79EFBC}") = "asp_net", "asp_net\asp_net.csproj", "{8A1FA060-136F-4071-9081-5F44D7033E9E}"
EndProject
Project("{FAE04EC0-301F-11D3-BF4B-00C04F79EFBC}") = "PostBack", "PostBack\PostBack.csproj", "{442F6BC6-871B-4152-9702-4CC0AAEE9E12}"
EndProject
Project("{FAE04EC0-301F-11D3-BF4B-00C04F79EFBC}") = "crud", "crud\crud.csproj", "{0A995A62-4336-44CE-A773-D88C4F61C645}"
EndProject
Project("{FAE04EC0-301F-11D3-BF4B-00C04F79EFBC}") = "WindowsFormsApp1", "WindowsFormsApp1\WindowsFormsApp1.csproj", "{7E493CE6-92A0-445F-9DB7-5395240A9FC8}"
EndProject
Project("{FAE04EC0-301F-11D3-BF4B-00C04F79EFBC}") = "Incrementar", "Incrementar\Incrementar.csproj", "{A3FD1F04-DA3D-4EA6-A3D0-FB05D0AEAE51}"
EndProject
Global
	GlobalSection(SolutionConfigurationPlatforms) = preSolution
		Debug|Any CPU = Debug|Any CPU
		Release|Any CPU = Release|Any CPU
	EndGlobalSection
	GlobalSection(ProjectConfigurationPlatforms) = postSolution
		{8A1FA060-136F-4071-9081-5F44D7033E9E}.Debug|Any CPU.ActiveCfg = Debug|Any CPU
		{8A1FA060-136F-4071-9081-5F44D7033E9E}.Debug|Any CPU.Build.0 = Debug|Any CPU
		{8A1FA060-136F-4071-9081-5F44D7033E9E}.Release|Any CPU.ActiveCfg = Release|Any CPU
		{8A1FA060-136F-4071-9081-5F44D7033E9E}.Release|Any CPU.Build.0 = Release|Any CPU
		{442F6BC6-871B-4152-9702-4CC0AAEE9E12}.Debug|Any CPU.ActiveCfg = Debug|Any CPU
		{442F6BC6-871B-4152-9702-4CC0AAEE9E12}.Debug|Any CPU.Build.0 = Debug|Any CPU
		{442F6BC6-871B-4152-9702-4CC0AAEE9E12}.Release|Any CPU.ActiveCfg = Release|Any CPU
		{442F6BC6-871B-4152-9702-4CC0AAEE9E12}.Release|Any CPU.Build.0 = Release|Any CPU
		{0A995A62-4336-44CE-A773-D88C4F61C645}.Debug|Any CPU.ActiveCfg = Debug|Any CPU
		{0A995A62-4336-44CE-A773-D88C4F61C645}.Debug|Any CPU.Build.0 = Debug|Any CPU
		{0A995A62-4336-44CE-A773-D88C4F61C645}.Release|Any CPU.ActiveCfg = Release|Any CPU
		{0A995A62-4336-44CE-A773-D88C4F61C645}.Release|Any CPU.Build.0 = Release|Any CPU
		{7E493CE6-92A0-445F-9DB7-5395240A9FC8}.Debug|Any CPU.ActiveCfg = Debug|Any CPU
		{7E493CE6-92A0-445F-9DB7-5395240A9FC8}.Debug|Any CPU.Build.0 = Debug|Any CPU
		{7E493CE6-92A0-445F-9DB7-5395240A9FC8}.Release|Any CPU.ActiveCfg = Release|Any CPU
		{7E493CE6-92A0-445F-9DB7-5395240A9FC8}.Release|Any CPU.Build.0 = Release|Any CPU
		{A3FD1F04-DA3D-4EA6-A3D0-FB05D0AEAE51}.Debug|Any CPU.ActiveCfg = Debug|Any CPU
		{A3FD1F04-DA3D-4EA6-A3D0-FB05D0AEAE51}.Debug|Any CPU.Build.0 = Debug|Any CPU
		{A3FD1F04-DA3D-4EA6-A3D0-FB05D0AEAE51}.Release|Any CPU.ActiveCfg = Release|Any CPU
		{A3FD1F04-DA3D-4EA6-A3D0-FB05D0AEAE51}.Release|Any CPU.Build.0 = Release|Any CPU
	EndGlobalSection
	GlobalSection(SolutionProperties) = preSolution
		HideSolutionNode = FALSE
	EndGlobalSection
	GlobalSection(ExtensibilityGlobals) = postSolution
		SolutionGuid = {13C67DB8-4380-4BF7-B137-B4C51D00F7DE}
	EndGlobalSection
EndGlobal
